
Microsoft Visual Studio Solution File, Format Version 12.00
# Visual Studio Version 16
VisualStudioVersion = 16.0.31624.102
MinimumVisualStudioVersion = 10.0.40219.1
Project("{FAE04EC0-301F-11D3-BF4B-00C04F79EFBC}") = "Impressão 3D", "Impressão 3D\Impressão 3D.csproj", "{B9619CE5-53B1-4871-9793-9317AB98D3EE}"
EndProject
Global
	GlobalSection(SolutionConfigurationPlatforms) = preSolution
		Debug|Any CPU = Debug|Any CPU
		Release|Any CPU = Release|Any CPU
	EndGlobalSection
	GlobalSection(ProjectConfigurationPlatforms) = postSolution
		{B9619CE5-53B1-4871-9793-9317AB98D3EE}.Debug|Any CPU.ActiveCfg = Debug|Any CPU
		{B9619CE5-53B1-4871-9793-9317AB98D3EE}.Debug|Any CPU.Build.0 = Debug|Any CPU
		{B9619CE5-53B1-4871-9793-9317AB98D3EE}.Release|Any CPU.ActiveCfg = Release|Any CPU
		{B9619CE5-53B1-4871-9793-9317AB98D3EE}.Release|Any CPU.Build.0 = Release|Any CPU
	EndGlobalSection
	GlobalSection(SolutionProperties) = preSolution
		HideSolutionNode = FALSE
	EndGlobalSection
	GlobalSection(ExtensibilityGlobals) = postSolution
		SolutionGuid = {91983791-1917-4578-BA14-22693544695D}
	EndGlobalSection
EndGlobal
